// !$*UTF8*$!
{
	archiveVersion = 1;
	classes = {
	};
	objectVersion = 50;
	objects = {

/* Begin PBXBuildFile section */
		259BAFE5269844DA001AC460 /* AppDelegate.swift in Sources */ = {isa = PBXBuildFile; fileRef = 259BAFE4269844DA001AC460 /* AppDelegate.swift */; };
		259BAFE7269844DA001AC460 /* SceneDelegate.swift in Sources */ = {isa = PBXBuildFile; fileRef = 259BAFE6269844DA001AC460 /* SceneDelegate.swift */; };
		259BAFE9269844DA001AC460 /* ViewController.swift in Sources */ = {isa = PBXBuildFile; fileRef = 259BAFE8269844DA001AC460 /* ViewController.swift */; };
		259BAFEC269844DA001AC460 /* Main.storyboard in Resources */ = {isa = PBXBuildFile; fileRef = 259BAFEA269844DA001AC460 /* Main.storyboard */; };
		259BAFEE269844DB001AC460 /* Assets.xcassets in Resources */ = {isa = PBXBuildFile; fileRef = 259BAFED269844DB001AC460 /* Assets.xcassets */; };
		259BAFF1269844DB001AC460 /* LaunchScreen.storyboard in Resources */ = {isa = PBXBuildFile; fileRef = 259BAFEF269844DB001AC460 /* LaunchScreen.storyboard */; };
		259BAFFC269844DB001AC460 /* MyPortfolioTests.swift in Sources */ = {isa = PBXBuildFile; fileRef = 259BAFFB269844DB001AC460 /* MyPortfolioTests.swift */; };
		259BB007269844DB001AC460 /* MyPortfolioUITests.swift in Sources */ = {isa = PBXBuildFile; fileRef = 259BB006269844DB001AC460 /* MyPortfolioUITests.swift */; };
/* End PBXBuildFile section */

/* Begin PBXContainerItemProxy section */
		259BAFF8269844DB001AC460 /* PBXContainerItemProxy */ = {
			isa = PBXContainerItemProxy;
			containerPortal = 259BAFD9269844DA001AC460 /* Project object */;
			proxyType = 1;
			remoteGlobalIDString = 259BAFE0269844DA001AC460;
			remoteInfo = MyPortfolio;
		};
		259BB003269844DB001AC460 /* PBXContainerItemProxy */ = {
			isa = PBXContainerItemProxy;
			containerPortal = 259BAFD9269844DA001AC460 /* Project object */;
			proxyType = 1;
			remoteGlobalIDString = 259BAFE0269844DA001AC460;
			remoteInfo = MyPortfolio;
		};
/* End PBXContainerItemProxy section */

/* Begin PBXFileReference section */
		259BAFE1269844DA001AC460 /* MyPortfolio.app */ = {isa = PBXFileReference; explicitFileType = wrapper.application; includeInIndex = 0; path = MyPortfolio.app; sourceTree = BUILT_PRODUCTS_DIR; };
		259BAFE4269844DA001AC460 /* AppDelegate.swift */ = {isa = PBXFileReference; lastKnownFileType = sourcecode.swift; path = AppDelegate.swift; sourceTree = "<group>"; };
		259BAFE6269844DA001AC460 /* SceneDelegate.swift */ = {isa = PBXFileReference; lastKnownFileType = sourcecode.swift; path = SceneDelegate.swift; sourceTree = "<group>"; };
		259BAFE8269844DA001AC460 /* ViewController.swift */ = {isa = PBXFileReference; lastKnownFileType = sourcecode.swift; path = ViewController.swift; sourceTree = "<group>"; };
		259BAFEB269844DA001AC460 /* Base */ = {isa = PBXFileReference; lastKnownFileType = file.storyboard; name = Base; path = Base.lproj/Main.storyboard; sourceTree = "<group>"; };
		259BAFED269844DB001AC460 /* Assets.xcassets */ = {isa = PBXFileReference; lastKnownFileType = folder.assetcatalog; path = Assets.xcassets; sourceTree = "<group>"; };
		259BAFF0269844DB001AC460 /* Base */ = {isa = PBXFileReference; lastKnownFileType = file.storyboard; name = Base; path = Base.lproj/LaunchScreen.storyboard; sourceTree = "<group>"; };
		259BAFF2269844DB001AC460 /* Info.plist */ = {isa = PBXFileReference; lastKnownFileType = text.plist.xml; path = Info.plist; sourceTree = "<group>"; };
		259BAFF7269844DB001AC460 /* MyPortfolioTests.xctest */ = {isa = PBXFileReference; explicitFileType = wrapper.cfbundle; includeInIndex = 0; path = MyPortfolioTests.xctest; sourceTree = BUILT_PRODUCTS_DIR; };
		259BAFFB269844DB001AC460 /* MyPortfolioTests.swift */ = {isa = PBXFileReference; lastKnownFileType = sourcecode.swift; path = MyPortfolioTests.swift; sourceTree = "<group>"; };
		259BAFFD269844DB001AC460 /* Info.plist */ = {isa = PBXFileReference; lastKnownFileType = text.plist.xml; path = Info.plist; sourceTree = "<group>"; };
		259BB002269844DB001AC460 /* MyPortfolioUITests.xctest */ = {isa = PBXFileReference; explicitFileType = wrapper.cfbundle; includeInIndex = 0; path = MyPortfolioUITests.xctest; sourceTree = BUILT_PRODUCTS_DIR; };
		259BB006269844DB001AC460 /* MyPortfolioUITests.swift */ = {isa = PBXFileReference; lastKnownFileType = sourcecode.swift; path = MyPortfolioUITests.swift; sourceTree = "<group>"; };
		259BB008269844DB001AC460 /* Info.plist */ = {isa = PBXFileReference; lastKnownFileType = text.plist.xml; path = Info.plist; sourceTree = "<group>"; };
/* End PBXFileReference section */

/* Begin PBXFrameworksBuildPhase section */
		259BAFDE269844DA001AC460 /* Frameworks */ = {
			isa = PBXFrameworksBuildPhase;
			buildActionMask = 2147483647;
			files = (
			);
			runOnlyForDeploymentPostprocessing = 0;
		};
		259BAFF4269844DB001AC460 /* Frameworks */ = {
			isa = PBXFrameworksBuildPhase;
			buildActionMask = 2147483647;
			files = (
			);
			runOnlyForDeploymentPostprocessing = 0;
		};
		259BAFFF269844DB001AC460 /* Frameworks */ = {
			isa = PBXFrameworksBuildPhase;
			buildActionMask = 2147483647;
			files = (
			);
			runOnlyForDeploymentPostprocessing = 0;
		};
/* End PBXFrameworksBuildPhase section */

/* Begin PBXGroup section */
		259BAFD8269844DA001AC460 = {
			isa = PBXGroup;
			children = (
				259BAFE3269844DA001AC460 /* MyPortfolio */,
				259BAFFA269844DB001AC460 /* MyPortfolioTests */,
				259BB005269844DB001AC460 /* MyPortfolioUITests */,
				259BAFE2269844DA001AC460 /* Products */,
			);
			sourceTree = "<group>";
		};
		259BAFE2269844DA001AC460 /* Products */ = {
			isa = PBXGroup;
			children = (
				259BAFE1269844DA001AC460 /* MyPortfolio.app */,
				259BAFF7269844DB001AC460 /* MyPortfolioTests.xctest */,
				259BB002269844DB001AC460 /* MyPortfolioUITests.xctest */,
			);
			name = Products;
			sourceTree = "<group>";
		};
		259BAFE3269844DA001AC460 /* MyPortfolio */ = {
			isa = PBXGroup;
			children = (
				259BAFE4269844DA001AC460 /* AppDelegate.swift */,
				259BAFE6269844DA001AC460 /* SceneDelegate.swift */,
				259BAFE8269844DA001AC460 /* ViewController.swift */,
				259BAFEA269844DA001AC460 /* Main.storyboard */,
				259BAFED269844DB001AC460 /* Assets.xcassets */,
				259BAFEF269844DB001AC460 /* LaunchScreen.storyboard */,
				259BAFF2269844DB001AC460 /* Info.plist */,
			);
			path = MyPortfolio;
			sourceTree = "<group>";
		};
		259BAFFA269844DB001AC460 /* MyPortfolioTests */ = {
			isa = PBXGroup;
			children = (
				259BAFFB269844DB001AC460 /* MyPortfolioTests.swift */,
				259BAFFD269844DB001AC460 /* Info.plist */,
			);
			path = MyPortfolioTests;
			sourceTree = "<group>";
		};
		259BB005269844DB001AC460 /* MyPortfolioUITests */ = {
			isa = PBXGroup;
			children = (
				259BB006269844DB001AC460 /* MyPortfolioUITests.swift */,
				259BB008269844DB001AC460 /* Info.plist */,
			);
			path = MyPortfolioUITests;
			sourceTree = "<group>";
		};
/* End PBXGroup section */

/* Begin PBXNativeTarget section */
		259BAFE0269844DA001AC460 /* MyPortfolio */ = {
			isa = PBXNativeTarget;
			buildConfigurationList = 259BB00B269844DB001AC460 /* Build configuration list for PBXNativeTarget "MyPortfolio" */;
			buildPhases = (
				259BAFDD269844DA001AC460 /* Sources */,
				259BAFDE269844DA001AC460 /* Frameworks */,
				259BAFDF269844DA001AC460 /* Resources */,
			);
			buildRules = (
			);
			dependencies = (
			);
			name = MyPortfolio;
			productName = MyPortfolio;
			productReference = 259BAFE1269844DA001AC460 /* MyPortfolio.app */;
			productType = "com.apple.product-type.application";
		};
		259BAFF6269844DB001AC460 /* MyPortfolioTests */ = {
			isa = PBXNativeTarget;
			buildConfigurationList = 259BB00E269844DB001AC460 /* Build configuration list for PBXNativeTarget "MyPortfolioTests" */;
			buildPhases = (
				259BAFF3269844DB001AC460 /* Sources */,
				259BAFF4269844DB001AC460 /* Frameworks */,
				259BAFF5269844DB001AC460 /* Resources */,
			);
			buildRules = (
			);
			dependencies = (
				259BAFF9269844DB001AC460 /* PBXTargetDependency */,
			);
			name = MyPortfolioTests;
			productName = MyPortfolioTests;
			productReference = 259BAFF7269844DB001AC460 /* MyPortfolioTests.xctest */;
			productType = "com.apple.product-type.bundle.unit-test";
		};
		259BB001269844DB001AC460 /* MyPortfolioUITests */ = {
			isa = PBXNativeTarget;
			buildConfigurationList = 259BB011269844DB001AC460 /* Build configuration list for PBXNativeTarget "MyPortfolioUITests" */;
			buildPhases = (
				259BAFFE269844DB001AC460 /* Sources */,
				259BAFFF269844DB001AC460 /* Frameworks */,
				259BB000269844DB001AC460 /* Resources */,
			);
			buildRules = (
			);
			dependencies = (
				259BB004269844DB001AC460 /* PBXTargetDependency */,
			);
			name = MyPortfolioUITests;
			productName = MyPortfolioUITests;
			productReference = 259BB002269844DB001AC460 /* MyPortfolioUITests.xctest */;
			productType = "com.apple.product-type.bundle.ui-testing";
		};
/* End PBXNativeTarget section */

/* Begin PBXProject section */
		259BAFD9269844DA001AC460 /* Project object */ = {
			isa = PBXProject;
			attributes = {
				LastSwiftUpdateCheck = 1240;
				LastUpgradeCheck = 1240;
				TargetAttributes = {
					259BAFE0269844DA001AC460 = {
						CreatedOnToolsVersion = 12.4;
					};
					259BAFF6269844DB001AC460 = {
						CreatedOnToolsVersion = 12.4;
						TestTargetID = 259BAFE0269844DA001AC460;
					};
					259BB001269844DB001AC460 = {
						CreatedOnToolsVersion = 12.4;
						TestTargetID = 259BAFE0269844DA001AC460;
					};
				};
			};
			buildConfigurationList = 259BAFDC269844DA001AC460 /* Build configuration list for PBXProject "MyPortfolio" */;
			compatibilityVersion = "Xcode 9.3";
			developmentRegion = en;
			hasScannedForEncodings = 0;
			knownRegions = (
				en,
				Base,
			);
			mainGroup = 259BAFD8269844DA001AC460;
			productRefGroup = 259BAFE2269844DA001AC460 /* Products */;
			projectDirPath = "";
			projectRoot = "";
			targets = (
				259BAFE0269844DA001AC460 /* MyPortfolio */,
				259BAFF6269844DB001AC460 /* MyPortfolioTests */,
				259BB001269844DB001AC460 /* MyPortfolioUITests */,
			);
		};
/* End PBXProject section */

/* Begin PBXResourcesBuildPhase section */
		259BAFDF269844DA001AC460 /* Resources */ = {
			isa = PBXResourcesBuildPhase;
			buildActionMask = 2147483647;
			files = (
				259BAFF1269844DB001AC460 /* LaunchScreen.storyboard in Resources */,
				259BAFEE269844DB001AC460 /* Assets.xcassets in Resources */,
				259BAFEC269844DA001AC460 /* Main.storyboard in Resources */,
			);
			runOnlyForDeploymentPostprocessing = 0;
		};
		259BAFF5269844DB001AC460 /* Resources */ = {
			isa = PBXResourcesBuildPhase;
			buildActionMask = 2147483647;
			files = (
			);
			runOnlyForDeploymentPostprocessing = 0;
		};
		259BB000269844DB001AC460 /* Resources */ = {
			isa = PBXResourcesBuildPhase;
			buildActionMask = 2147483647;
			files = (
			);
			runOnlyForDeploymentPostprocessing = 0;
		};
/* End PBXResourcesBuildPhase section */

/* Begin PBXSourcesBuildPhase section */
		259BAFDD269844DA001AC460 /* Sources */ = {
			isa = PBXSourcesBuildPhase;
			buildActionMask = 2147483647;
			files = (
				259BAFE9269844DA001AC460 /* ViewController.swift in Sources */,
				259BAFE5269844DA001AC460 /* AppDelegate.swift in Sources */,
				259BAFE7269844DA001AC460 /* SceneDelegate.swift in Sources */,
			);
			runOnlyForDeploymentPostprocessing = 0;
		};
		259BAFF3269844DB001AC460 /* Sources */ = {
			isa = PBXSourcesBuildPhase;
			buildActionMask = 2147483647;
			files = (
				259BAFFC269844DB001AC460 /* MyPortfolioTests.swift in Sources */,
			);
			runOnlyForDeploymentPostprocessing = 0;
		};
		259BAFFE269844DB001AC460 /* Sources */ = {
			isa = PBXSourcesBuildPhase;
			buildActionMask = 2147483647;
			files = (
				259BB007269844DB001AC460 /* MyPortfolioUITests.swift in Sources */,
			);
			runOnlyForDeploymentPostprocessing = 0;
		};
/* End PBXSourcesBuildPhase section */

/* Begin PBXTargetDependency section */
		259BAFF9269844DB001AC460 /* PBXTargetDependency */ = {
			isa = PBXTargetDependency;
			target = 259BAFE0269844DA001AC460 /* MyPortfolio */;
			targetProxy = 259BAFF8269844DB001AC460 /* PBXContainerItemProxy */;
		};
		259BB004269844DB001AC460 /* PBXTargetDependency */ = {
			isa = PBXTargetDependency;
			target = 259BAFE0269844DA001AC460 /* MyPortfolio */;
			targetProxy = 259BB003269844DB001AC460 /* PBXContainerItemProxy */;
		};
/* End PBXTargetDependency section */

/* Begin PBXVariantGroup section */
		259BAFEA269844DA001AC460 /* Main.storyboard */ = {
			isa = PBXVariantGroup;
			children = (
				259BAFEB269844DA001AC460 /* Base */,
			);
			name = Main.storyboard;
			sourceTree = "<group>";
		};
		259BAFEF269844DB001AC460 /* LaunchScreen.storyboard */ = {
			isa = PBXVariantGroup;
			children = (
				259BAFF0269844DB001AC460 /* Base */,
			);
			name = LaunchScreen.storyboard;
			sourceTree = "<group>";
		};
/* End PBXVariantGroup section */

/* Begin XCBuildConfiguration section */
		259BB009269844DB001AC460 /* Debug */ = {
			isa = XCBuildConfiguration;
			buildSettings = {
				ALWAYS_SEARCH_USER_PATHS = NO;
				CLANG_ANALYZER_NONNULL = YES;
				CLANG_ANALYZER_NUMBER_OBJECT_CONVERSION = YES_AGGRESSIVE;
				CLANG_CXX_LANGUAGE_STANDARD = "gnu++14";
				CLANG_CXX_LIBRARY = "libc++";
				CLANG_ENABLE_MODULES = YES;
				CLANG_ENABLE_OBJC_ARC = YES;
				CLANG_ENABLE_OBJC_WEAK = YES;
				CLANG_WARN_BLOCK_CAPTURE_AUTORELEASING = YES;
				CLANG_WARN_BOOL_CONVERSION = YES;
				CLANG_WARN_COMMA = YES;
				CLANG_WARN_CONSTANT_CONVERSION = YES;
				CLANG_WARN_DEPRECATED_OBJC_IMPLEMENTATIONS = YES;
				CLANG_WARN_DIRECT_OBJC_ISA_USAGE = YES_ERROR;
				CLANG_WARN_DOCUMENTATION_COMMENTS = YES;
				CLANG_WARN_EMPTY_BODY = YES;
				CLANG_WARN_ENUM_CONVERSION = YES;
				CLANG_WARN_INFINITE_RECURSION = YES;
				CLANG_WARN_INT_CONVERSION = YES;
				CLANG_WARN_NON_LITERAL_NULL_CONVERSION = YES;
				CLANG_WARN_OBJC_IMPLICIT_RETAIN_SELF = YES;
				CLANG_WARN_OBJC_LITERAL_CONVERSION = YES;
				CLANG_WARN_OBJC_ROOT_CLASS = YES_ERROR;
				CLANG_WARN_QUOTED_INCLUDE_IN_FRAMEWORK_HEADER = YES;
				CLANG_WARN_RANGE_LOOP_ANALYSIS = YES;
				CLANG_WARN_STRICT_PROTOTYPES = YES;
				CLANG_WARN_SUSPICIOUS_MOVE = YES;
				CLANG_WARN_UNGUARDED_AVAILABILITY = YES_AGGRESSIVE;
				CLANG_WARN_UNREACHABLE_CODE = YES;
				CLANG_WARN__DUPLICATE_METHOD_MATCH = YES;
				COPY_PHASE_STRIP = NO;
				DEBUG_INFORMATION_FORMAT = dwarf;
				ENABLE_STRICT_OBJC_MSGSEND = YES;
				ENABLE_TESTABILITY = YES;
				GCC_C_LANGUAGE_STANDARD = gnu11;
				GCC_DYNAMIC_NO_PIC = NO;
				GCC_NO_COMMON_BLOCKS = YES;
				GCC_OPTIMIZATION_LEVEL = 0;
				GCC_PREPROCESSOR_DEFINITIONS = (
					"DEBUG=1",
					"$(inherited)",
				);
				GCC_WARN_64_TO_32_BIT_CONVERSION = YES;
				GCC_WARN_ABOUT_RETURN_TYPE = YES_ERROR;
				GCC_WARN_UNDECLARED_SELECTOR = YES;
				GCC_WARN_UNINITIALIZED_AUTOS = YES_AGGRESSIVE;
				GCC_WARN_UNUSED_FUNCTION = YES;
				GCC_WARN_UNUSED_VARIABLE = YES;
				IPHONEOS_DEPLOYMENT_TARGET = 14.4;
				MTL_ENABLE_DEBUG_INFO = INCLUDE_SOURCE;
				MTL_FAST_MATH = YES;
				ONLY_ACTIVE_ARCH = YES;
				SDKROOT = iphoneos;
				SWIFT_ACTIVE_COMPILATION_CONDITIONS = DEBUG;
				SWIFT_OPTIMIZATION_LEVEL = "-Onone";
			};
			name = Debug;
		};
		259BB00A269844DB001AC460 /* Release */ = {
			isa = XCBuildConfiguration;
			buildSettings = {
				ALWAYS_SEARCH_USER_PATHS = NO;
				CLANG_ANALYZER_NONNULL = YES;
				CLANG_ANALYZER_NUMBER_OBJECT_CONVERSION = YES_AGGRESSIVE;
				CLANG_CXX_LANGUAGE_STANDARD = "gnu++14";
				CLANG_CXX_LIBRARY = "libc++";
				CLANG_ENABLE_MODULES = YES;
				CLANG_ENABLE_OBJC_ARC = YES;
				CLANG_ENABLE_OBJC_WEAK = YES;
				CLANG_WARN_BLOCK_CAPTURE_AUTORELEASING = YES;
				CLANG_WARN_BOOL_CONVERSION = YES;
				CLANG_WARN_COMMA = YES;
				CLANG_WARN_CONSTANT_CONVERSION = YES;
				CLANG_WARN_DEPRECATED_OBJC_IMPLEMENTATIONS = YES;
				CLANG_WARN_DIRECT_OBJC_ISA_USAGE = YES_ERROR;
				CLANG_WARN_DOCUMENTATION_COMMENTS = YES;
				CLANG_WARN_EMPTY_BODY = YES;
				CLANG_WARN_ENUM_CONVERSION = YES;
				CLANG_WARN_INFINITE_RECURSION = YES;
				CLANG_WARN_INT_CONVERSION = YES;
				CLANG_WARN_NON_LITERAL_NULL_CONVERSION = YES;
				CLANG_WARN_OBJC_IMPLICIT_RETAIN_SELF = YES;
				CLANG_WARN_OBJC_LITERAL_CONVERSION = YES;
				CLANG_WARN_OBJC_ROOT_CLASS = YES_ERROR;
				CLANG_WARN_QUOTED_INCLUDE_IN_FRAMEWORK_HEADER = YES;
				CLANG_WARN_RANGE_LOOP_ANALYSIS = YES;
				CLANG_WARN_STRICT_PROTOTYPES = YES;
				CLANG_WARN_SUSPICIOUS_MOVE = YES;
				CLANG_WARN_UNGUARDED_AVAILABILITY = YES_AGGRESSIVE;
				CLANG_WARN_UNREACHABLE_CODE = YES;
				CLANG_WARN__DUPLICATE_METHOD_MATCH = YES;
				COPY_PHASE_STRIP = NO;
				DEBUG_INFORMATION_FORMAT = "dwarf-with-dsym";
				ENABLE_NS_ASSERTIONS = NO;
				ENABLE_STRICT_OBJC_MSGSEND = YES;
				GCC_C_LANGUAGE_STANDARD = gnu11;
				GCC_NO_COMMON_BLOCKS = YES;
				GCC_WARN_64_TO_32_BIT_CONVERSION = YES;
				GCC_WARN_ABOUT_RETURN_TYPE = YES_ERROR;
				GCC_WARN_UNDECLARED_SELECTOR = YES;
				GCC_WARN_UNINITIALIZED_AUTOS = YES_AGGRESSIVE;
				GCC_WARN_UNUSED_FUNCTION = YES;
				GCC_WARN_UNUSED_VARIABLE = YES;
				IPHONEOS_DEPLOYMENT_TARGET = 14.4;
				MTL_ENABLE_DEBUG_INFO = NO;
				MTL_FAST_MATH = YES;
				SDKROOT = iphoneos;
				SWIFT_COMPILATION_MODE = wholemodule;
				SWIFT_OPTIMIZATION_LEVEL = "-O";
				VALIDATE_PRODUCT = YES;
			};
			name = Release;
		};
		259BB00C269844DB001AC460 /* Debug */ = {
			isa = XCBuildConfiguration;
			buildSettings = {
				ASSETCATALOG_COMPILER_APPICON_NAME = AppIcon;
				ASSETCATALOG_COMPILER_GLOBAL_ACCENT_COLOR_NAME = AccentColor;
				CODE_SIGN_STYLE = Automatic;
				INFOPLIST_FILE = MyPortfolio/Info.plist;
				LD_RUNPATH_SEARCH_PATHS = (
					"$(inherited)",
					"@executable_path/Frameworks",
				);
				PRODUCT_BUNDLE_IDENTIFIER = io.full.MyPortfolio;
				PRODUCT_NAME = "$(TARGET_NAME)";
				SWIFT_VERSION = 5.0;
				TARGETED_DEVICE_FAMILY = "1,2";
			};
			name = Debug;
		};
		259BB00D269844DB001AC460 /* Release */ = {
			isa = XCBuildConfiguration;
			buildSettings = {
				ASSETCATALOG_COMPILER_APPICON_NAME = AppIcon;
				ASSETCATALOG_COMPILER_GLOBAL_ACCENT_COLOR_NAME = AccentColor;
				CODE_SIGN_STYLE = Automatic;
				INFOPLIST_FILE = MyPortfolio/Info.plist;
				LD_RUNPATH_SEARCH_PATHS = (
					"$(inherited)",
					"@executable_path/Frameworks",
				);
				PRODUCT_BUNDLE_IDENTIFIER = io.full.MyPortfolio;
				PRODUCT_NAME = "$(TARGET_NAME)";
				SWIFT_VERSION = 5.0;
				TARGETED_DEVICE_FAMILY = "1,2";
			};
			name = Release;
		};
		259BB00F269844DB001AC460 /* Debug */ = {
			isa = XCBuildConfiguration;
			buildSettings = {
				ALWAYS_EMBED_SWIFT_STANDARD_LIBRARIES = YES;
				BUNDLE_LOADER = "$(TEST_HOST)";
				CODE_SIGN_STYLE = Automatic;
				INFOPLIST_FILE = MyPortfolioTests/Info.plist;
				IPHONEOS_DEPLOYMENT_TARGET = 14.4;
				LD_RUNPATH_SEARCH_PATHS = (
					"$(inherited)",
					"@executable_path/Frameworks",
					"@loader_path/Frameworks",
				);
				PRODUCT_BUNDLE_IDENTIFIER = io.full.MyPortfolioTests;
				PRODUCT_NAME = "$(TARGET_NAME)";
				SWIFT_VERSION = 5.0;
				TARGETED_DEVICE_FAMILY = "1,2";
				TEST_HOST = "$(BUILT_PRODUCTS_DIR)/MyPortfolio.app/MyPortfolio";
			};
			name = Debug;
		};
		259BB010269844DB001AC460 /* Release */ = {
			isa = XCBuildConfiguration;
			buildSettings = {
				ALWAYS_EMBED_SWIFT_STANDARD_LIBRARIES = YES;
				BUNDLE_LOADER = "$(TEST_HOST)";
				CODE_SIGN_STYLE = Automatic;
				INFOPLIST_FILE = MyPortfolioTests/Info.plist;
				IPHONEOS_DEPLOYMENT_TARGET = 14.4;
				LD_RUNPATH_SEARCH_PATHS = (
					"$(inherited)",
					"@executable_path/Frameworks",
					"@loader_path/Frameworks",
				);
				PRODUCT_BUNDLE_IDENTIFIER = io.full.MyPortfolioTests;
				PRODUCT_NAME = "$(TARGET_NAME)";
				SWIFT_VERSION = 5.0;
				TARGETED_DEVICE_FAMILY = "1,2";
				TEST_HOST = "$(BUILT_PRODUCTS_DIR)/MyPortfolio.app/MyPortfolio";
			};
			name = Release;
		};
		259BB012269844DB001AC460 /* Debug */ = {
			isa = XCBuildConfiguration;
			buildSettings = {
				ALWAYS_EMBED_SWIFT_STANDARD_LIBRARIES = YES;
				CODE_SIGN_STYLE = Automatic;
				INFOPLIST_FILE = MyPortfolioUITests/Info.plist;
				LD_RUNPATH_SEARCH_PATHS = (
					"$(inherited)",
					"@executable_path/Frameworks",
					"@loader_path/Frameworks",
				);
				PRODUCT_BUNDLE_IDENTIFIER = io.full.MyPortfolioUITests;
				PRODUCT_NAME = "$(TARGET_NAME)";
				SWIFT_VERSION = 5.0;
				TARGETED_DEVICE_FAMILY = "1,2";
				TEST_TARGET_NAME = MyPortfolio;
			};
			name = Debug;
		};
		259BB013269844DB001AC460 /* Release */ = {
			isa = XCBuildConfiguration;
			buildSettings = {
				ALWAYS_EMBED_SWIFT_STANDARD_LIBRARIES = YES;
				CODE_SIGN_STYLE = Automatic;
				INFOPLIST_FILE = MyPortfolioUITests/Info.plist;
				LD_RUNPATH_SEARCH_PATHS = (
					"$(inherited)",
					"@executable_path/Frameworks",
					"@loader_path/Frameworks",
				);
				PRODUCT_BUNDLE_IDENTIFIER = io.full.MyPortfolioUITests;
				PRODUCT_NAME = "$(TARGET_NAME)";
				SWIFT_VERSION = 5.0;
				TARGETED_DEVICE_FAMILY = "1,2";
				TEST_TARGET_NAME = MyPortfolio;
			};
			name = Release;
		};
/* End XCBuildConfiguration section */

/* Begin XCConfigurationList section */
		259BAFDC269844DA001AC460 /* Build configuration list for PBXProject "MyPortfolio" */ = {
			isa = XCConfigurationList;
			buildConfigurations = (
				259BB009269844DB001AC460 /* Debug */,
				259BB00A269844DB001AC460 /* Release */,
			);
			defaultConfigurationIsVisible = 0;
			defaultConfigurationName = Release;
		};
		259BB00B269844DB001AC460 /* Build configuration list for PBXNativeTarget "MyPortfolio" */ = {
			isa = XCConfigurationList;
			buildConfigurations = (
				259BB00C269844DB001AC460 /* Debug */,
				259BB00D269844DB001AC460 /* Release */,
			);
			defaultConfigurationIsVisible = 0;
			defaultConfigurationName = Release;
		};
		259BB00E269844DB001AC460 /* Build configuration list for PBXNativeTarget "MyPortfolioTests" */ = {
			isa = XCConfigurationList;
			buildConfigurations = (
				259BB00F269844DB001AC460 /* Debug */,
				259BB010269844DB001AC460 /* Release */,
			);
			defaultConfigurationIsVisible = 0;
			defaultConfigurationName = Release;
		};
		259BB011269844DB001AC460 /* Build configuration list for PBXNativeTarget "MyPortfolioUITests" */ = {
			isa = XCConfigurationList;
			buildConfigurations = (
				259BB012269844DB001AC460 /* Debug */,
				259BB013269844DB001AC460 /* Release */,
			);
			defaultConfigurationIsVisible = 0;
			defaultConfigurationName = Release;
		};
/* End XCConfigurationList section */
	};
	rootObject = 259BAFD9269844DA001AC460 /* Project object */;
}
